// !$*UTF8*$!
{
	archiveVersion = 1;
	classes = {
	};
	objectVersion = 46;
	objects = {

/* Begin PBXBuildFile section */
		E5F6C6BA1B7AD93B00618970 /* main.m in Sources */ = {isa = PBXBuildFile; fileRef = E5F6C6B91B7AD93B00618970 /* main.m */; };
		E5F6C6BD1B7AD93B00618970 /* AppDelegate.m in Sources */ = {isa = PBXBuildFile; fileRef = E5F6C6BC1B7AD93B00618970 /* AppDelegate.m */; };
		E5F6C6C51B7AD93B00618970 /* Images.xcassets in Resources */ = {isa = PBXBuildFile; fileRef = E5F6C6C41B7AD93B00618970 /* Images.xcassets */; };
		E5F6C6C81B7AD93B00618970 /* LaunchScreen.xib in Resources */ = {isa = PBXBuildFile; fileRef = E5F6C6C61B7AD93B00618970 /* LaunchScreen.xib */; };
		E5F6C6D41B7AD93B00618970 /* I_NScreenTests.m in Sources */ = {isa = PBXBuildFile; fileRef = E5F6C6D31B7AD93B00618970 /* I_NScreenTests.m */; };
		E5F6C6E01B7AD99900618970 /* RootViewController.m in Sources */ = {isa = PBXBuildFile; fileRef = E5F6C6DE1B7AD99900618970 /* RootViewController.m */; };
		E5F6C6E11B7AD99900618970 /* RootViewController.xib in Resources */ = {isa = PBXBuildFile; fileRef = E5F6C6DF1B7AD99900618970 /* RootViewController.xib */; };
		E5F6C6FA1B7ADBA600618970 /* JSONKit.m in Sources */ = {isa = PBXBuildFile; fileRef = E5F6C6E91B7ADBA600618970 /* JSONKit.m */; settings = {COMPILER_FLAGS = "-fno-objc-arc"; }; };
		E5F6C6FB1B7ADBA600618970 /* NSObject+SBJSON.m in Sources */ = {isa = PBXBuildFile; fileRef = E5F6C6EB1B7ADBA600618970 /* NSObject+SBJSON.m */; settings = {COMPILER_FLAGS = "-fno-objc-arc"; }; };
		E5F6C6FC1B7ADBA600618970 /* NSString+SBJSON.m in Sources */ = {isa = PBXBuildFile; fileRef = E5F6C6ED1B7ADBA600618970 /* NSString+SBJSON.m */; settings = {COMPILER_FLAGS = "-fno-objc-arc"; }; };
		E5F6C6FD1B7ADBA600618970 /* SBJsonBase.m in Sources */ = {isa = PBXBuildFile; fileRef = E5F6C6EF1B7ADBA600618970 /* SBJsonBase.m */; settings = {COMPILER_FLAGS = "-fno-objc-arc"; }; };
		E5F6C6FE1B7ADBA600618970 /* SBJsonParser.m in Sources */ = {isa = PBXBuildFile; fileRef = E5F6C6F11B7ADBA600618970 /* SBJsonParser.m */; settings = {COMPILER_FLAGS = "-fno-objc-arc"; }; };
		E5F6C6FF1B7ADBA600618970 /* SBJsonWriter.m in Sources */ = {isa = PBXBuildFile; fileRef = E5F6C6F31B7ADBA600618970 /* SBJsonWriter.m */; settings = {COMPILER_FLAGS = "-fno-objc-arc"; }; };
		E5F6C7001B7ADBA600618970 /* DataManager.m in Sources */ = {isa = PBXBuildFile; fileRef = E5F6C6F61B7ADBA600618970 /* DataManager.m */; settings = {COMPILER_FLAGS = "-fno-objc-arc"; }; };
		E5F6C7011B7ADBA600618970 /* UserClass.m in Sources */ = {isa = PBXBuildFile; fileRef = E5F6C6F81B7ADBA600618970 /* UserClass.m */; };
		E5F6C72A1B7AE64900618970 /* AFHTTPRequestOperation.m in Sources */ = {isa = PBXBuildFile; fileRef = E5F6C7061B7AE64900618970 /* AFHTTPRequestOperation.m */; };
		E5F6C72B1B7AE64900618970 /* AFHTTPRequestOperationManager.m in Sources */ = {isa = PBXBuildFile; fileRef = E5F6C7081B7AE64900618970 /* AFHTTPRequestOperationManager.m */; };
		E5F6C72C1B7AE64900618970 /* AFHTTPSessionManager.m in Sources */ = {isa = PBXBuildFile; fileRef = E5F6C70A1B7AE64900618970 /* AFHTTPSessionManager.m */; };
		E5F6C72D1B7AE64900618970 /* AFNetworkReachabilityManager.m in Sources */ = {isa = PBXBuildFile; fileRef = E5F6C70D1B7AE64900618970 /* AFNetworkReachabilityManager.m */; };
		E5F6C72E1B7AE64900618970 /* AFSecurityPolicy.m in Sources */ = {isa = PBXBuildFile; fileRef = E5F6C70F1B7AE64900618970 /* AFSecurityPolicy.m */; };
		E5F6C72F1B7AE64900618970 /* AFURLConnectionOperation.m in Sources */ = {isa = PBXBuildFile; fileRef = E5F6C7111B7AE64900618970 /* AFURLConnectionOperation.m */; };
		E5F6C7301B7AE64900618970 /* AFURLRequestSerialization.m in Sources */ = {isa = PBXBuildFile; fileRef = E5F6C7131B7AE64900618970 /* AFURLRequestSerialization.m */; };
		E5F6C7311B7AE64900618970 /* AFURLResponseSerialization.m in Sources */ = {isa = PBXBuildFile; fileRef = E5F6C7151B7AE64900618970 /* AFURLResponseSerialization.m */; };
		E5F6C7321B7AE64900618970 /* AFURLSessionManager.m in Sources */ = {isa = PBXBuildFile; fileRef = E5F6C7171B7AE64900618970 /* AFURLSessionManager.m */; };
		E5F6C7331B7AE64900618970 /* AFNetworkActivityIndicatorManager.m in Sources */ = {isa = PBXBuildFile; fileRef = E5F6C71A1B7AE64900618970 /* AFNetworkActivityIndicatorManager.m */; };
		E5F6C7341B7AE64900618970 /* UIActivityIndicatorView+AFNetworking.m in Sources */ = {isa = PBXBuildFile; fileRef = E5F6C71C1B7AE64900618970 /* UIActivityIndicatorView+AFNetworking.m */; };
		E5F6C7351B7AE64900618970 /* UIAlertView+AFNetworking.m in Sources */ = {isa = PBXBuildFile; fileRef = E5F6C71E1B7AE64900618970 /* UIAlertView+AFNetworking.m */; };
		E5F6C7361B7AE64900618970 /* UIButton+AFNetworking.m in Sources */ = {isa = PBXBuildFile; fileRef = E5F6C7201B7AE64900618970 /* UIButton+AFNetworking.m */; };
		E5F6C7371B7AE64900618970 /* UIImageView+AFNetworking.m in Sources */ = {isa = PBXBuildFile; fileRef = E5F6C7221B7AE64900618970 /* UIImageView+AFNetworking.m */; };
		E5F6C7381B7AE64900618970 /* UIProgressView+AFNetworking.m in Sources */ = {isa = PBXBuildFile; fileRef = E5F6C7251B7AE64900618970 /* UIProgressView+AFNetworking.m */; };
		E5F6C7391B7AE64900618970 /* UIRefreshControl+AFNetworking.m in Sources */ = {isa = PBXBuildFile; fileRef = E5F6C7271B7AE64900618970 /* UIRefreshControl+AFNetworking.m */; };
		E5F6C73A1B7AE64900618970 /* UIWebView+AFNetworking.m in Sources */ = {isa = PBXBuildFile; fileRef = E5F6C7291B7AE64900618970 /* UIWebView+AFNetworking.m */; };
/* End PBXBuildFile section */

/* Begin PBXContainerItemProxy section */
		E5F6C6CE1B7AD93B00618970 /* PBXContainerItemProxy */ = {
			isa = PBXContainerItemProxy;
			containerPortal = E5F6C6AC1B7AD93B00618970 /* Project object */;
			proxyType = 1;
			remoteGlobalIDString = E5F6C6B31B7AD93B00618970;
			remoteInfo = I_NScreen;
		};
/* End PBXContainerItemProxy section */

/* Begin PBXFileReference section */
		E5F6C6B41B7AD93B00618970 /* I_NScreen.app */ = {isa = PBXFileReference; explicitFileType = wrapper.application; includeInIndex = 0; path = I_NScreen.app; sourceTree = BUILT_PRODUCTS_DIR; };
		E5F6C6B81B7AD93B00618970 /* Info.plist */ = {isa = PBXFileReference; lastKnownFileType = text.plist.xml; path = Info.plist; sourceTree = "<group>"; };
		E5F6C6B91B7AD93B00618970 /* main.m */ = {isa = PBXFileReference; lastKnownFileType = sourcecode.c.objc; path = main.m; sourceTree = "<group>"; };
		E5F6C6BB1B7AD93B00618970 /* AppDelegate.h */ = {isa = PBXFileReference; lastKnownFileType = sourcecode.c.h; path = AppDelegate.h; sourceTree = "<group>"; };
		E5F6C6BC1B7AD93B00618970 /* AppDelegate.m */ = {isa = PBXFileReference; lastKnownFileType = sourcecode.c.objc; path = AppDelegate.m; sourceTree = "<group>"; };
		E5F6C6C41B7AD93B00618970 /* Images.xcassets */ = {isa = PBXFileReference; lastKnownFileType = folder.assetcatalog; path = Images.xcassets; sourceTree = "<group>"; };
		E5F6C6C71B7AD93B00618970 /* Base */ = {isa = PBXFileReference; lastKnownFileType = file.xib; name = Base; path = Base.lproj/LaunchScreen.xib; sourceTree = "<group>"; };
		E5F6C6CD1B7AD93B00618970 /* I_NScreenTests.xctest */ = {isa = PBXFileReference; explicitFileType = wrapper.cfbundle; includeInIndex = 0; path = I_NScreenTests.xctest; sourceTree = BUILT_PRODUCTS_DIR; };
		E5F6C6D21B7AD93B00618970 /* Info.plist */ = {isa = PBXFileReference; lastKnownFileType = text.plist.xml; path = Info.plist; sourceTree = "<group>"; };
		E5F6C6D31B7AD93B00618970 /* I_NScreenTests.m */ = {isa = PBXFileReference; lastKnownFileType = sourcecode.c.objc; path = I_NScreenTests.m; sourceTree = "<group>"; };
		E5F6C6DD1B7AD99900618970 /* RootViewController.h */ = {isa = PBXFileReference; fileEncoding = 4; lastKnownFileType = sourcecode.c.h; path = RootViewController.h; sourceTree = "<group>"; };
		E5F6C6DE1B7AD99900618970 /* RootViewController.m */ = {isa = PBXFileReference; fileEncoding = 4; lastKnownFileType = sourcecode.c.objc; path = RootViewController.m; sourceTree = "<group>"; };
		E5F6C6DF1B7AD99900618970 /* RootViewController.xib */ = {isa = PBXFileReference; fileEncoding = 4; lastKnownFileType = file.xib; path = RootViewController.xib; sourceTree = "<group>"; };
		E5F6C6E41B7ADBA600618970 /* DefineData.h */ = {isa = PBXFileReference; fileEncoding = 4; lastKnownFileType = sourcecode.c.h; path = DefineData.h; sourceTree = "<group>"; };
		E5F6C6E71B7ADBA600618970 /* JSON.h */ = {isa = PBXFileReference; fileEncoding = 4; lastKnownFileType = sourcecode.c.h; path = JSON.h; sourceTree = "<group>"; };
		E5F6C6E81B7ADBA600618970 /* JSONKit.h */ = {isa = PBXFileReference; fileEncoding = 4; lastKnownFileType = sourcecode.c.h; path = JSONKit.h; sourceTree = "<group>"; };
		E5F6C6E91B7ADBA600618970 /* JSONKit.m */ = {isa = PBXFileReference; fileEncoding = 4; lastKnownFileType = sourcecode.c.objc; path = JSONKit.m; sourceTree = "<group>"; };
		E5F6C6EA1B7ADBA600618970 /* NSObject+SBJSON.h */ = {isa = PBXFileReference; fileEncoding = 4; lastKnownFileType = sourcecode.c.h; path = "NSObject+SBJSON.h"; sourceTree = "<group>"; };
		E5F6C6EB1B7ADBA600618970 /* NSObject+SBJSON.m */ = {isa = PBXFileReference; fileEncoding = 4; lastKnownFileType = sourcecode.c.objc; path = "NSObject+SBJSON.m"; sourceTree = "<group>"; };
		E5F6C6EC1B7ADBA600618970 /* NSString+SBJSON.h */ = {isa = PBXFileReference; fileEncoding = 4; lastKnownFileType = sourcecode.c.h; path = "NSString+SBJSON.h"; sourceTree = "<group>"; };
		E5F6C6ED1B7ADBA600618970 /* NSString+SBJSON.m */ = {isa = PBXFileReference; fileEncoding = 4; lastKnownFileType = sourcecode.c.objc; path = "NSString+SBJSON.m"; sourceTree = "<group>"; };
		E5F6C6EE1B7ADBA600618970 /* SBJsonBase.h */ = {isa = PBXFileReference; fileEncoding = 4; lastKnownFileType = sourcecode.c.h; path = SBJsonBase.h; sourceTree = "<group>"; };
		E5F6C6EF1B7ADBA600618970 /* SBJsonBase.m */ = {isa = PBXFileReference; fileEncoding = 4; lastKnownFileType = sourcecode.c.objc; path = SBJsonBase.m; sourceTree = "<group>"; };
		E5F6C6F01B7ADBA600618970 /* SBJsonParser.h */ = {isa = PBXFileReference; fileEncoding = 4; lastKnownFileType = sourcecode.c.h; path = SBJsonParser.h; sourceTree = "<group>"; };
		E5F6C6F11B7ADBA600618970 /* SBJsonParser.m */ = {isa = PBXFileReference; fileEncoding = 4; lastKnownFileType = sourcecode.c.objc; path = SBJsonParser.m; sourceTree = "<group>"; };
		E5F6C6F21B7ADBA600618970 /* SBJsonWriter.h */ = {isa = PBXFileReference; fileEncoding = 4; lastKnownFileType = sourcecode.c.h; path = SBJsonWriter.h; sourceTree = "<group>"; };
		E5F6C6F31B7ADBA600618970 /* SBJsonWriter.m */ = {isa = PBXFileReference; fileEncoding = 4; lastKnownFileType = sourcecode.c.objc; path = SBJsonWriter.m; sourceTree = "<group>"; };
		E5F6C6F51B7ADBA600618970 /* DataManager.h */ = {isa = PBXFileReference; fileEncoding = 4; lastKnownFileType = sourcecode.c.h; path = DataManager.h; sourceTree = "<group>"; };
		E5F6C6F61B7ADBA600618970 /* DataManager.m */ = {isa = PBXFileReference; fileEncoding = 4; lastKnownFileType = sourcecode.c.objc; path = DataManager.m; sourceTree = "<group>"; };
		E5F6C6F71B7ADBA600618970 /* UserClass.h */ = {isa = PBXFileReference; fileEncoding = 4; lastKnownFileType = sourcecode.c.h; path = UserClass.h; sourceTree = "<group>"; };
		E5F6C6F81B7ADBA600618970 /* UserClass.m */ = {isa = PBXFileReference; fileEncoding = 4; lastKnownFileType = sourcecode.c.objc; path = UserClass.m; sourceTree = "<group>"; };
		E5F6C7021B7ADE1100618970 /* I_NScreen-Prefix.pch */ = {isa = PBXFileReference; fileEncoding = 4; lastKnownFileType = sourcecode.c.h; name = "I_NScreen-Prefix.pch"; path = "Class/BaseClass/I_NScreen-Prefix.pch"; sourceTree = "<group>"; };
		E5F6C7051B7AE64900618970 /* AFHTTPRequestOperation.h */ = {isa = PBXFileReference; fileEncoding = 4; lastKnownFileType = sourcecode.c.h; path = AFHTTPRequestOperation.h; sourceTree = "<group>"; };
		E5F6C7061B7AE64900618970 /* AFHTTPRequestOperation.m */ = {isa = PBXFileReference; fileEncoding = 4; lastKnownFileType = sourcecode.c.objc; path = AFHTTPRequestOperation.m; sourceTree = "<group>"; };
		E5F6C7071B7AE64900618970 /* AFHTTPRequestOperationManager.h */ = {isa = PBXFileReference; fileEncoding = 4; lastKnownFileType = sourcecode.c.h; path = AFHTTPRequestOperationManager.h; sourceTree = "<group>"; };
		E5F6C7081B7AE64900618970 /* AFHTTPRequestOperationManager.m */ = {isa = PBXFileReference; fileEncoding = 4; lastKnownFileType = sourcecode.c.objc; path = AFHTTPRequestOperationManager.m; sourceTree = "<group>"; };
		E5F6C7091B7AE64900618970 /* AFHTTPSessionManager.h */ = {isa = PBXFileReference; fileEncoding = 4; lastKnownFileType = sourcecode.c.h; path = AFHTTPSessionManager.h; sourceTree = "<group>"; };
		E5F6C70A1B7AE64900618970 /* AFHTTPSessionManager.m */ = {isa = PBXFileReference; fileEncoding = 4; lastKnownFileType = sourcecode.c.objc; path = AFHTTPSessionManager.m; sourceTree = "<group>"; };
		E5F6C70B1B7AE64900618970 /* AFNetworking.h */ = {isa = PBXFileReference; fileEncoding = 4; lastKnownFileType = sourcecode.c.h; path = AFNetworking.h; sourceTree = "<group>"; };
		E5F6C70C1B7AE64900618970 /* AFNetworkReachabilityManager.h */ = {isa = PBXFileReference; fileEncoding = 4; lastKnownFileType = sourcecode.c.h; path = AFNetworkReachabilityManager.h; sourceTree = "<group>"; };
		E5F6C70D1B7AE64900618970 /* AFNetworkReachabilityManager.m */ = {isa = PBXFileReference; fileEncoding = 4; lastKnownFileType = sourcecode.c.objc; path = AFNetworkReachabilityManager.m; sourceTree = "<group>"; };
		E5F6C70E1B7AE64900618970 /* AFSecurityPolicy.h */ = {isa = PBXFileReference; fileEncoding = 4; lastKnownFileType = sourcecode.c.h; path = AFSecurityPolicy.h; sourceTree = "<group>"; };
		E5F6C70F1B7AE64900618970 /* AFSecurityPolicy.m */ = {isa = PBXFileReference; fileEncoding = 4; lastKnownFileType = sourcecode.c.objc; path = AFSecurityPolicy.m; sourceTree = "<group>"; };
		E5F6C7101B7AE64900618970 /* AFURLConnectionOperation.h */ = {isa = PBXFileReference; fileEncoding = 4; lastKnownFileType = sourcecode.c.h; path = AFURLConnectionOperation.h; sourceTree = "<group>"; };
		E5F6C7111B7AE64900618970 /* AFURLConnectionOperation.m */ = {isa = PBXFileReference; fileEncoding = 4; lastKnownFileType = sourcecode.c.objc; path = AFURLConnectionOperation.m; sourceTree = "<group>"; };
		E5F6C7121B7AE64900618970 /* AFURLRequestSerialization.h */ = {isa = PBXFileReference; fileEncoding = 4; lastKnownFileType = sourcecode.c.h; path = AFURLRequestSerialization.h; sourceTree = "<group>"; };
		E5F6C7131B7AE64900618970 /* AFURLRequestSerialization.m */ = {isa = PBXFileReference; fileEncoding = 4; lastKnownFileType = sourcecode.c.objc; path = AFURLRequestSerialization.m; sourceTree = "<group>"; };
		E5F6C7141B7AE64900618970 /* AFURLResponseSerialization.h */ = {isa = PBXFileReference; fileEncoding = 4; lastKnownFileType = sourcecode.c.h; path = AFURLResponseSerialization.h; sourceTree = "<group>"; };
		E5F6C7151B7AE64900618970 /* AFURLResponseSerialization.m */ = {isa = PBXFileReference; fileEncoding = 4; lastKnownFileType = sourcecode.c.objc; path = AFURLResponseSerialization.m; sourceTree = "<group>"; };
		E5F6C7161B7AE64900618970 /* AFURLSessionManager.h */ = {isa = PBXFileReference; fileEncoding = 4; lastKnownFileType = sourcecode.c.h; path = AFURLSessionManager.h; sourceTree = "<group>"; };
		E5F6C7171B7AE64900618970 /* AFURLSessionManager.m */ = {isa = PBXFileReference; fileEncoding = 4; lastKnownFileType = sourcecode.c.objc; path = AFURLSessionManager.m; sourceTree = "<group>"; };
		E5F6C7191B7AE64900618970 /* AFNetworkActivityIndicatorManager.h */ = {isa = PBXFileReference; fileEncoding = 4; lastKnownFileType = sourcecode.c.h; path = AFNetworkActivityIndicatorManager.h; sourceTree = "<group>"; };
		E5F6C71A1B7AE64900618970 /* AFNetworkActivityIndicatorManager.m */ = {isa = PBXFileReference; fileEncoding = 4; lastKnownFileType = sourcecode.c.objc; path = AFNetworkActivityIndicatorManager.m; sourceTree = "<group>"; };
		E5F6C71B1B7AE64900618970 /* UIActivityIndicatorView+AFNetworking.h */ = {isa = PBXFileReference; fileEncoding = 4; lastKnownFileType = sourcecode.c.h; path = "UIActivityIndicatorView+AFNetworking.h"; sourceTree = "<group>"; };
		E5F6C71C1B7AE64900618970 /* UIActivityIndicatorView+AFNetworking.m */ = {isa = PBXFileReference; fileEncoding = 4; lastKnownFileType = sourcecode.c.objc; path = "UIActivityIndicatorView+AFNetworking.m"; sourceTree = "<group>"; };
		E5F6C71D1B7AE64900618970 /* UIAlertView+AFNetworking.h */ = {isa = PBXFileReference; fileEncoding = 4; lastKnownFileType = sourcecode.c.h; path = "UIAlertView+AFNetworking.h"; sourceTree = "<group>"; };
		E5F6C71E1B7AE64900618970 /* UIAlertView+AFNetworking.m */ = {isa = PBXFileReference; fileEncoding = 4; lastKnownFileType = sourcecode.c.objc; path = "UIAlertView+AFNetworking.m"; sourceTree = "<group>"; };
		E5F6C71F1B7AE64900618970 /* UIButton+AFNetworking.h */ = {isa = PBXFileReference; fileEncoding = 4; lastKnownFileType = sourcecode.c.h; path = "UIButton+AFNetworking.h"; sourceTree = "<group>"; };
		E5F6C7201B7AE64900618970 /* UIButton+AFNetworking.m */ = {isa = PBXFileReference; fileEncoding = 4; lastKnownFileType = sourcecode.c.objc; path = "UIButton+AFNetworking.m"; sourceTree = "<group>"; };
		E5F6C7211B7AE64900618970 /* UIImageView+AFNetworking.h */ = {isa = PBXFileReference; fileEncoding = 4; lastKnownFileType = sourcecode.c.h; path = "UIImageView+AFNetworking.h"; sourceTree = "<group>"; };
		E5F6C7221B7AE64900618970 /* UIImageView+AFNetworking.m */ = {isa = PBXFileReference; fileEncoding = 4; lastKnownFileType = sourcecode.c.objc; path = "UIImageView+AFNetworking.m"; sourceTree = "<group>"; };
		E5F6C7231B7AE64900618970 /* UIKit+AFNetworking.h */ = {isa = PBXFileReference; fileEncoding = 4; lastKnownFileType = sourcecode.c.h; path = "UIKit+AFNetworking.h"; sourceTree = "<group>"; };
		E5F6C7241B7AE64900618970 /* UIProgressView+AFNetworking.h */ = {isa = PBXFileReference; fileEncoding = 4; lastKnownFileType = sourcecode.c.h; path = "UIProgressView+AFNetworking.h"; sourceTree = "<group>"; };
		E5F6C7251B7AE64900618970 /* UIProgressView+AFNetworking.m */ = {isa = PBXFileReference; fileEncoding = 4; lastKnownFileType = sourcecode.c.objc; path = "UIProgressView+AFNetworking.m"; sourceTree = "<group>"; };
		E5F6C7261B7AE64900618970 /* UIRefreshControl+AFNetworking.h */ = {isa = PBXFileReference; fileEncoding = 4; lastKnownFileType = sourcecode.c.h; path = "UIRefreshControl+AFNetworking.h"; sourceTree = "<group>"; };
		E5F6C7271B7AE64900618970 /* UIRefreshControl+AFNetworking.m */ = {isa = PBXFileReference; fileEncoding = 4; lastKnownFileType = sourcecode.c.objc; path = "UIRefreshControl+AFNetworking.m"; sourceTree = "<group>"; };
		E5F6C7281B7AE64900618970 /* UIWebView+AFNetworking.h */ = {isa = PBXFileReference; fileEncoding = 4; lastKnownFileType = sourcecode.c.h; path = "UIWebView+AFNetworking.h"; sourceTree = "<group>"; };
		E5F6C7291B7AE64900618970 /* UIWebView+AFNetworking.m */ = {isa = PBXFileReference; fileEncoding = 4; lastKnownFileType = sourcecode.c.objc; path = "UIWebView+AFNetworking.m"; sourceTree = "<group>"; };
/* End PBXFileReference section */

/* Begin PBXFrameworksBuildPhase section */
		E5F6C6B11B7AD93B00618970 /* Frameworks */ = {
			isa = PBXFrameworksBuildPhase;
			buildActionMask = 2147483647;
			files = (
			);
			runOnlyForDeploymentPostprocessing = 0;
		};
		E5F6C6CA1B7AD93B00618970 /* Frameworks */ = {
			isa = PBXFrameworksBuildPhase;
			buildActionMask = 2147483647;
			files = (
			);
			runOnlyForDeploymentPostprocessing = 0;
		};
/* End PBXFrameworksBuildPhase section */

/* Begin PBXGroup section */
		E5F6C6AB1B7AD93B00618970 = {
			isa = PBXGroup;
			children = (
				E5F6C6B61B7AD93B00618970 /* I_NScreen */,
				E5F6C6D01B7AD93B00618970 /* I_NScreenTests */,
				E5F6C6B51B7AD93B00618970 /* Products */,
			);
			sourceTree = "<group>";
		};
		E5F6C6B51B7AD93B00618970 /* Products */ = {
			isa = PBXGroup;
			children = (
				E5F6C6B41B7AD93B00618970 /* I_NScreen.app */,
				E5F6C6CD1B7AD93B00618970 /* I_NScreenTests.xctest */,
			);
			name = Products;
			sourceTree = "<group>";
		};
		E5F6C6B61B7AD93B00618970 /* I_NScreen */ = {
			isa = PBXGroup;
			children = (
				E5F6C6E21B7ADBA600618970 /* Class */,
				E5F6C6BB1B7AD93B00618970 /* AppDelegate.h */,
				E5F6C6BC1B7AD93B00618970 /* AppDelegate.m */,
				E5F6C6DD1B7AD99900618970 /* RootViewController.h */,
				E5F6C6DE1B7AD99900618970 /* RootViewController.m */,
				E5F6C6DF1B7AD99900618970 /* RootViewController.xib */,
				E5F6C6C41B7AD93B00618970 /* Images.xcassets */,
				E5F6C6C61B7AD93B00618970 /* LaunchScreen.xib */,
				E5F6C6B71B7AD93B00618970 /* Supporting Files */,
			);
			path = I_NScreen;
			sourceTree = "<group>";
		};
		E5F6C6B71B7AD93B00618970 /* Supporting Files */ = {
			isa = PBXGroup;
			children = (
				E5F6C7021B7ADE1100618970 /* I_NScreen-Prefix.pch */,
				E5F6C6B81B7AD93B00618970 /* Info.plist */,
				E5F6C6B91B7AD93B00618970 /* main.m */,
			);
			name = "Supporting Files";
			sourceTree = "<group>";
		};
		E5F6C6D01B7AD93B00618970 /* I_NScreenTests */ = {
			isa = PBXGroup;
			children = (
				E5F6C6D31B7AD93B00618970 /* I_NScreenTests.m */,
				E5F6C6D11B7AD93B00618970 /* Supporting Files */,
			);
			path = I_NScreenTests;
			sourceTree = "<group>";
		};
		E5F6C6D11B7AD93B00618970 /* Supporting Files */ = {
			isa = PBXGroup;
			children = (
				E5F6C6D21B7AD93B00618970 /* Info.plist */,
			);
			name = "Supporting Files";
			sourceTree = "<group>";
		};
		E5F6C6E21B7ADBA600618970 /* Class */ = {
			isa = PBXGroup;
			children = (
				E5F6C6E31B7ADBA600618970 /* BaseClass */,
				E5F6C6E51B7ADBA600618970 /* ControlClass */,
				E5F6C6F41B7ADBA600618970 /* UserClass */,
				E5F6C6F91B7ADBA600618970 /* ViewClass */,
			);
			path = Class;
			sourceTree = "<group>";
		};
		E5F6C6E31B7ADBA600618970 /* BaseClass */ = {
			isa = PBXGroup;
			children = (
				E5F6C6E41B7ADBA600618970 /* DefineData.h */,
			);
			path = BaseClass;
			sourceTree = "<group>";
		};
		E5F6C6E51B7ADBA600618970 /* ControlClass */ = {
			isa = PBXGroup;
			children = (
				E5F6C7041B7AE64900618970 /* AFNetworking */,
				E5F6C7181B7AE64900618970 /* UIKit+AFNetworking */,
				E5F6C6E61B7ADBA600618970 /* JSon */,
			);
			path = ControlClass;
			sourceTree = "<group>";
		};
		E5F6C6E61B7ADBA600618970 /* JSon */ = {
			isa = PBXGroup;
			children = (
				E5F6C6E71B7ADBA600618970 /* JSON.h */,
				E5F6C6E81B7ADBA600618970 /* JSONKit.h */,
				E5F6C6E91B7ADBA600618970 /* JSONKit.m */,
				E5F6C6EA1B7ADBA600618970 /* NSObject+SBJSON.h */,
				E5F6C6EB1B7ADBA600618970 /* NSObject+SBJSON.m */,
				E5F6C6EC1B7ADBA600618970 /* NSString+SBJSON.h */,
				E5F6C6ED1B7ADBA600618970 /* NSString+SBJSON.m */,
				E5F6C6EE1B7ADBA600618970 /* SBJsonBase.h */,
				E5F6C6EF1B7ADBA600618970 /* SBJsonBase.m */,
				E5F6C6F01B7ADBA600618970 /* SBJsonParser.h */,
				E5F6C6F11B7ADBA600618970 /* SBJsonParser.m */,
				E5F6C6F21B7ADBA600618970 /* SBJsonWriter.h */,
				E5F6C6F31B7ADBA600618970 /* SBJsonWriter.m */,
			);
			path = JSon;
			sourceTree = "<group>";
		};
		E5F6C6F41B7ADBA600618970 /* UserClass */ = {
			isa = PBXGroup;
			children = (
				E5F6C6F51B7ADBA600618970 /* DataManager.h */,
				E5F6C6F61B7ADBA600618970 /* DataManager.m */,
				E5F6C6F71B7ADBA600618970 /* UserClass.h */,
				E5F6C6F81B7ADBA600618970 /* UserClass.m */,
			);
			path = UserClass;
			sourceTree = "<group>";
		};
		E5F6C6F91B7ADBA600618970 /* ViewClass */ = {
			isa = PBXGroup;
			children = (
			);
			path = ViewClass;
			sourceTree = "<group>";
		};
		E5F6C7041B7AE64900618970 /* AFNetworking */ = {
			isa = PBXGroup;
			children = (
				E5F6C7051B7AE64900618970 /* AFHTTPRequestOperation.h */,
				E5F6C7061B7AE64900618970 /* AFHTTPRequestOperation.m */,
				E5F6C7071B7AE64900618970 /* AFHTTPRequestOperationManager.h */,
				E5F6C7081B7AE64900618970 /* AFHTTPRequestOperationManager.m */,
				E5F6C7091B7AE64900618970 /* AFHTTPSessionManager.h */,
				E5F6C70A1B7AE64900618970 /* AFHTTPSessionManager.m */,
				E5F6C70B1B7AE64900618970 /* AFNetworking.h */,
				E5F6C70C1B7AE64900618970 /* AFNetworkReachabilityManager.h */,
				E5F6C70D1B7AE64900618970 /* AFNetworkReachabilityManager.m */,
				E5F6C70E1B7AE64900618970 /* AFSecurityPolicy.h */,
				E5F6C70F1B7AE64900618970 /* AFSecurityPolicy.m */,
				E5F6C7101B7AE64900618970 /* AFURLConnectionOperation.h */,
				E5F6C7111B7AE64900618970 /* AFURLConnectionOperation.m */,
				E5F6C7121B7AE64900618970 /* AFURLRequestSerialization.h */,
				E5F6C7131B7AE64900618970 /* AFURLRequestSerialization.m */,
				E5F6C7141B7AE64900618970 /* AFURLResponseSerialization.h */,
				E5F6C7151B7AE64900618970 /* AFURLResponseSerialization.m */,
				E5F6C7161B7AE64900618970 /* AFURLSessionManager.h */,
				E5F6C7171B7AE64900618970 /* AFURLSessionManager.m */,
			);
			path = AFNetworking;
			sourceTree = "<group>";
		};
		E5F6C7181B7AE64900618970 /* UIKit+AFNetworking */ = {
			isa = PBXGroup;
			children = (
				E5F6C7191B7AE64900618970 /* AFNetworkActivityIndicatorManager.h */,
				E5F6C71A1B7AE64900618970 /* AFNetworkActivityIndicatorManager.m */,
				E5F6C71B1B7AE64900618970 /* UIActivityIndicatorView+AFNetworking.h */,
				E5F6C71C1B7AE64900618970 /* UIActivityIndicatorView+AFNetworking.m */,
				E5F6C71D1B7AE64900618970 /* UIAlertView+AFNetworking.h */,
				E5F6C71E1B7AE64900618970 /* UIAlertView+AFNetworking.m */,
				E5F6C71F1B7AE64900618970 /* UIButton+AFNetworking.h */,
				E5F6C7201B7AE64900618970 /* UIButton+AFNetworking.m */,
				E5F6C7211B7AE64900618970 /* UIImageView+AFNetworking.h */,
				E5F6C7221B7AE64900618970 /* UIImageView+AFNetworking.m */,
				E5F6C7231B7AE64900618970 /* UIKit+AFNetworking.h */,
				E5F6C7241B7AE64900618970 /* UIProgressView+AFNetworking.h */,
				E5F6C7251B7AE64900618970 /* UIProgressView+AFNetworking.m */,
				E5F6C7261B7AE64900618970 /* UIRefreshControl+AFNetworking.h */,
				E5F6C7271B7AE64900618970 /* UIRefreshControl+AFNetworking.m */,
				E5F6C7281B7AE64900618970 /* UIWebView+AFNetworking.h */,
				E5F6C7291B7AE64900618970 /* UIWebView+AFNetworking.m */,
			);
			path = "UIKit+AFNetworking";
			sourceTree = "<group>";
		};
/* End PBXGroup section */

/* Begin PBXNativeTarget section */
		E5F6C6B31B7AD93B00618970 /* I_NScreen */ = {
			isa = PBXNativeTarget;
			buildConfigurationList = E5F6C6D71B7AD93B00618970 /* Build configuration list for PBXNativeTarget "I_NScreen" */;
			buildPhases = (
				E5F6C6B01B7AD93B00618970 /* Sources */,
				E5F6C6B11B7AD93B00618970 /* Frameworks */,
				E5F6C6B21B7AD93B00618970 /* Resources */,
			);
			buildRules = (
			);
			dependencies = (
			);
			name = I_NScreen;
			productName = I_NScreen;
			productReference = E5F6C6B41B7AD93B00618970 /* I_NScreen.app */;
			productType = "com.apple.product-type.application";
		};
		E5F6C6CC1B7AD93B00618970 /* I_NScreenTests */ = {
			isa = PBXNativeTarget;
			buildConfigurationList = E5F6C6DA1B7AD93B00618970 /* Build configuration list for PBXNativeTarget "I_NScreenTests" */;
			buildPhases = (
				E5F6C6C91B7AD93B00618970 /* Sources */,
				E5F6C6CA1B7AD93B00618970 /* Frameworks */,
				E5F6C6CB1B7AD93B00618970 /* Resources */,
			);
			buildRules = (
			);
			dependencies = (
				E5F6C6CF1B7AD93B00618970 /* PBXTargetDependency */,
			);
			name = I_NScreenTests;
			productName = I_NScreenTests;
			productReference = E5F6C6CD1B7AD93B00618970 /* I_NScreenTests.xctest */;
			productType = "com.apple.product-type.bundle.unit-test";
		};
/* End PBXNativeTarget section */

/* Begin PBXProject section */
		E5F6C6AC1B7AD93B00618970 /* Project object */ = {
			isa = PBXProject;
			attributes = {
				LastUpgradeCheck = 0640;
				ORGANIZATIONNAME = "JUNG KIL BAE";
				TargetAttributes = {
					E5F6C6B31B7AD93B00618970 = {
						CreatedOnToolsVersion = 6.4;
					};
					E5F6C6CC1B7AD93B00618970 = {
						CreatedOnToolsVersion = 6.4;
						TestTargetID = E5F6C6B31B7AD93B00618970;
					};
				};
			};
			buildConfigurationList = E5F6C6AF1B7AD93B00618970 /* Build configuration list for PBXProject "I_NScreen" */;
			compatibilityVersion = "Xcode 3.2";
			developmentRegion = English;
			hasScannedForEncodings = 0;
			knownRegions = (
				en,
				Base,
			);
			mainGroup = E5F6C6AB1B7AD93B00618970;
			productRefGroup = E5F6C6B51B7AD93B00618970 /* Products */;
			projectDirPath = "";
			projectRoot = "";
			targets = (
				E5F6C6B31B7AD93B00618970 /* I_NScreen */,
				E5F6C6CC1B7AD93B00618970 /* I_NScreenTests */,
			);
		};
/* End PBXProject section */

/* Begin PBXResourcesBuildPhase section */
		E5F6C6B21B7AD93B00618970 /* Resources */ = {
			isa = PBXResourcesBuildPhase;
			buildActionMask = 2147483647;
			files = (
				E5F6C6C81B7AD93B00618970 /* LaunchScreen.xib in Resources */,
				E5F6C6C51B7AD93B00618970 /* Images.xcassets in Resources */,
				E5F6C6E11B7AD99900618970 /* RootViewController.xib in Resources */,
			);
			runOnlyForDeploymentPostprocessing = 0;
		};
		E5F6C6CB1B7AD93B00618970 /* Resources */ = {
			isa = PBXResourcesBuildPhase;
			buildActionMask = 2147483647;
			files = (
			);
			runOnlyForDeploymentPostprocessing = 0;
		};
/* End PBXResourcesBuildPhase section */

/* Begin PBXSourcesBuildPhase section */
		E5F6C6B01B7AD93B00618970 /* Sources */ = {
			isa = PBXSourcesBuildPhase;
			buildActionMask = 2147483647;
			files = (
				E5F6C72A1B7AE64900618970 /* AFHTTPRequestOperation.m in Sources */,
				E5F6C7011B7ADBA600618970 /* UserClass.m in Sources */,
				E5F6C6FB1B7ADBA600618970 /* NSObject+SBJSON.m in Sources */,
				E5F6C7001B7ADBA600618970 /* DataManager.m in Sources */,
				E5F6C6BD1B7AD93B00618970 /* AppDelegate.m in Sources */,
				E5F6C7331B7AE64900618970 /* AFNetworkActivityIndicatorManager.m in Sources */,
				E5F6C7321B7AE64900618970 /* AFURLSessionManager.m in Sources */,
				E5F6C72C1B7AE64900618970 /* AFHTTPSessionManager.m in Sources */,
				E5F6C6BA1B7AD93B00618970 /* main.m in Sources */,
				E5F6C72D1B7AE64900618970 /* AFNetworkReachabilityManager.m in Sources */,
				E5F6C6FD1B7ADBA600618970 /* SBJsonBase.m in Sources */,
				E5F6C7371B7AE64900618970 /* UIImageView+AFNetworking.m in Sources */,
				E5F6C7381B7AE64900618970 /* UIProgressView+AFNetworking.m in Sources */,
				E5F6C7311B7AE64900618970 /* AFURLResponseSerialization.m in Sources */,
				E5F6C7391B7AE64900618970 /* UIRefreshControl+AFNetworking.m in Sources */,
				E5F6C7301B7AE64900618970 /* AFURLRequestSerialization.m in Sources */,
				E5F6C72F1B7AE64900618970 /* AFURLConnectionOperation.m in Sources */,
				E5F6C7361B7AE64900618970 /* UIButton+AFNetworking.m in Sources */,
				E5F6C7341B7AE64900618970 /* UIActivityIndicatorView+AFNetworking.m in Sources */,
				E5F6C72B1B7AE64900618970 /* AFHTTPRequestOperationManager.m in Sources */,
				E5F6C6FF1B7ADBA600618970 /* SBJsonWriter.m in Sources */,
				E5F6C6FA1B7ADBA600618970 /* JSONKit.m in Sources */,
				E5F6C72E1B7AE64900618970 /* AFSecurityPolicy.m in Sources */,
				E5F6C6FE1B7ADBA600618970 /* SBJsonParser.m in Sources */,
				E5F6C73A1B7AE64900618970 /* UIWebView+AFNetworking.m in Sources */,
				E5F6C6FC1B7ADBA600618970 /* NSString+SBJSON.m in Sources */,
				E5F6C6E01B7AD99900618970 /* RootViewController.m in Sources */,
				E5F6C7351B7AE64900618970 /* UIAlertView+AFNetworking.m in Sources */,
			);
			runOnlyForDeploymentPostprocessing = 0;
		};
		E5F6C6C91B7AD93B00618970 /* Sources */ = {
			isa = PBXSourcesBuildPhase;
			buildActionMask = 2147483647;
			files = (
				E5F6C6D41B7AD93B00618970 /* I_NScreenTests.m in Sources */,
			);
			runOnlyForDeploymentPostprocessing = 0;
		};
/* End PBXSourcesBuildPhase section */

/* Begin PBXTargetDependency section */
		E5F6C6CF1B7AD93B00618970 /* PBXTargetDependency */ = {
			isa = PBXTargetDependency;
			target = E5F6C6B31B7AD93B00618970 /* I_NScreen */;
			targetProxy = E5F6C6CE1B7AD93B00618970 /* PBXContainerItemProxy */;
		};
/* End PBXTargetDependency section */

/* Begin PBXVariantGroup section */
		E5F6C6C61B7AD93B00618970 /* LaunchScreen.xib */ = {
			isa = PBXVariantGroup;
			children = (
				E5F6C6C71B7AD93B00618970 /* Base */,
			);
			name = LaunchScreen.xib;
			sourceTree = "<group>";
		};
/* End PBXVariantGroup section */

/* Begin XCBuildConfiguration section */
		E5F6C6D51B7AD93B00618970 /* Debug */ = {
			isa = XCBuildConfiguration;
			buildSettings = {
				ALWAYS_SEARCH_USER_PATHS = NO;
				CLANG_CXX_LANGUAGE_STANDARD = "gnu++0x";
				CLANG_CXX_LIBRARY = "libc++";
				CLANG_ENABLE_MODULES = YES;
				CLANG_ENABLE_OBJC_ARC = YES;
				CLANG_WARN_BOOL_CONVERSION = YES;
				CLANG_WARN_CONSTANT_CONVERSION = YES;
				CLANG_WARN_DIRECT_OBJC_ISA_USAGE = YES_ERROR;
				CLANG_WARN_EMPTY_BODY = YES;
				CLANG_WARN_ENUM_CONVERSION = YES;
				CLANG_WARN_INT_CONVERSION = YES;
				CLANG_WARN_OBJC_ROOT_CLASS = YES_ERROR;
				CLANG_WARN_UNREACHABLE_CODE = YES;
				CLANG_WARN__DUPLICATE_METHOD_MATCH = YES;
				"CODE_SIGN_IDENTITY[sdk=iphoneos*]" = "iPhone Developer";
				COPY_PHASE_STRIP = NO;
				DEBUG_INFORMATION_FORMAT = "dwarf-with-dsym";
				ENABLE_STRICT_OBJC_MSGSEND = YES;
				GCC_C_LANGUAGE_STANDARD = gnu99;
				GCC_DYNAMIC_NO_PIC = NO;
				GCC_NO_COMMON_BLOCKS = YES;
				GCC_OPTIMIZATION_LEVEL = 0;
				GCC_PREPROCESSOR_DEFINITIONS = (
					"DEBUG=1",
					"$(inherited)",
				);
				GCC_SYMBOLS_PRIVATE_EXTERN = NO;
				GCC_WARN_64_TO_32_BIT_CONVERSION = YES;
				GCC_WARN_ABOUT_RETURN_TYPE = YES_ERROR;
				GCC_WARN_UNDECLARED_SELECTOR = YES;
				GCC_WARN_UNINITIALIZED_AUTOS = YES_AGGRESSIVE;
				GCC_WARN_UNUSED_FUNCTION = YES;
				GCC_WARN_UNUSED_VARIABLE = YES;
				IPHONEOS_DEPLOYMENT_TARGET = 8.4;
				MTL_ENABLE_DEBUG_INFO = YES;
				ONLY_ACTIVE_ARCH = YES;
				SDKROOT = iphoneos;
			};
			name = Debug;
		};
		E5F6C6D61B7AD93B00618970 /* Release */ = {
			isa = XCBuildConfiguration;
			buildSettings = {
				ALWAYS_SEARCH_USER_PATHS = NO;
				CLANG_CXX_LANGUAGE_STANDARD = "gnu++0x";
				CLANG_CXX_LIBRARY = "libc++";
				CLANG_ENABLE_MODULES = YES;
				CLANG_ENABLE_OBJC_ARC = YES;
				CLANG_WARN_BOOL_CONVERSION = YES;
				CLANG_WARN_CONSTANT_CONVERSION = YES;
				CLANG_WARN_DIRECT_OBJC_ISA_USAGE = YES_ERROR;
				CLANG_WARN_EMPTY_BODY = YES;
				CLANG_WARN_ENUM_CONVERSION = YES;
				CLANG_WARN_INT_CONVERSION = YES;
				CLANG_WARN_OBJC_ROOT_CLASS = YES_ERROR;
				CLANG_WARN_UNREACHABLE_CODE = YES;
				CLANG_WARN__DUPLICATE_METHOD_MATCH = YES;
				"CODE_SIGN_IDENTITY[sdk=iphoneos*]" = "iPhone Developer";
				COPY_PHASE_STRIP = NO;
				DEBUG_INFORMATION_FORMAT = "dwarf-with-dsym";
				ENABLE_NS_ASSERTIONS = NO;
				ENABLE_STRICT_OBJC_MSGSEND = YES;
				GCC_C_LANGUAGE_STANDARD = gnu99;
				GCC_NO_COMMON_BLOCKS = YES;
				GCC_WARN_64_TO_32_BIT_CONVERSION = YES;
				GCC_WARN_ABOUT_RETURN_TYPE = YES_ERROR;
				GCC_WARN_UNDECLARED_SELECTOR = YES;
				GCC_WARN_UNINITIALIZED_AUTOS = YES_AGGRESSIVE;
				GCC_WARN_UNUSED_FUNCTION = YES;
				GCC_WARN_UNUSED_VARIABLE = YES;
				IPHONEOS_DEPLOYMENT_TARGET = 8.4;
				MTL_ENABLE_DEBUG_INFO = NO;
				SDKROOT = iphoneos;
				VALIDATE_PRODUCT = YES;
			};
			name = Release;
		};
		E5F6C6D81B7AD93B00618970 /* Debug */ = {
			isa = XCBuildConfiguration;
			buildSettings = {
				ASSETCATALOG_COMPILER_APPICON_NAME = AppIcon;
				GCC_PREFIX_HEADER = "I_NScreen/Class/BaseClass/I_NScreen-Prefix.pch";
				INFOPLIST_FILE = I_NScreen/Info.plist;
				IPHONEOS_DEPLOYMENT_TARGET = 7.0;
				LD_RUNPATH_SEARCH_PATHS = "$(inherited) @executable_path/Frameworks";
				PRODUCT_NAME = "$(TARGET_NAME)";
			};
			name = Debug;
		};
		E5F6C6D91B7AD93B00618970 /* Release */ = {
			isa = XCBuildConfiguration;
			buildSettings = {
				ASSETCATALOG_COMPILER_APPICON_NAME = AppIcon;
				GCC_PREFIX_HEADER = "I_NScreen/Class/BaseClass/I_NScreen-Prefix.pch";
				INFOPLIST_FILE = I_NScreen/Info.plist;
				IPHONEOS_DEPLOYMENT_TARGET = 7.0;
				LD_RUNPATH_SEARCH_PATHS = "$(inherited) @executable_path/Frameworks";
				PRODUCT_NAME = "$(TARGET_NAME)";
			};
			name = Release;
		};
		E5F6C6DB1B7AD93B00618970 /* Debug */ = {
			isa = XCBuildConfiguration;
			buildSettings = {
				BUNDLE_LOADER = "$(TEST_HOST)";
				FRAMEWORK_SEARCH_PATHS = (
					"$(SDKROOT)/Developer/Library/Frameworks",
					"$(inherited)",
				);
				GCC_PREPROCESSOR_DEFINITIONS = (
					"DEBUG=1",
					"$(inherited)",
				);
				INFOPLIST_FILE = I_NScreenTests/Info.plist;
				LD_RUNPATH_SEARCH_PATHS = "$(inherited) @executable_path/Frameworks @loader_path/Frameworks";
				PRODUCT_NAME = "$(TARGET_NAME)";
				TEST_HOST = "$(BUILT_PRODUCTS_DIR)/I_NScreen.app/I_NScreen";
			};
			name = Debug;
		};
		E5F6C6DC1B7AD93B00618970 /* Release */ = {
			isa = XCBuildConfiguration;
			buildSettings = {
				BUNDLE_LOADER = "$(TEST_HOST)";
				FRAMEWORK_SEARCH_PATHS = (
					"$(SDKROOT)/Developer/Library/Frameworks",
					"$(inherited)",
				);
				INFOPLIST_FILE = I_NScreenTests/Info.plist;
				LD_RUNPATH_SEARCH_PATHS = "$(inherited) @executable_path/Frameworks @loader_path/Frameworks";
				PRODUCT_NAME = "$(TARGET_NAME)";
				TEST_HOST = "$(BUILT_PRODUCTS_DIR)/I_NScreen.app/I_NScreen";
			};
			name = Release;
		};
/* End XCBuildConfiguration section */

/* Begin XCConfigurationList section */
		E5F6C6AF1B7AD93B00618970 /* Build configuration list for PBXProject "I_NScreen" */ = {
			isa = XCConfigurationList;
			buildConfigurations = (
				E5F6C6D51B7AD93B00618970 /* Debug */,
				E5F6C6D61B7AD93B00618970 /* Release */,
			);
			defaultConfigurationIsVisible = 0;
			defaultConfigurationName = Release;
		};
		E5F6C6D71B7AD93B00618970 /* Build configuration list for PBXNativeTarget "I_NScreen" */ = {
			isa = XCConfigurationList;
			buildConfigurations = (
				E5F6C6D81B7AD93B00618970 /* Debug */,
				E5F6C6D91B7AD93B00618970 /* Release */,
			);
			defaultConfigurationIsVisible = 0;
		};
		E5F6C6DA1B7AD93B00618970 /* Build configuration list for PBXNativeTarget "I_NScreenTests" */ = {
			isa = XCConfigurationList;
			buildConfigurations = (
				E5F6C6DB1B7AD93B00618970 /* Debug */,
				E5F6C6DC1B7AD93B00618970 /* Release */,
			);
			defaultConfigurationIsVisible = 0;
		};
/* End XCConfigurationList section */
	};
	rootObject = E5F6C6AC1B7AD93B00618970 /* Project object */;
}
